
Microsoft Visual Studio Solution File, Format Version 11.00
# Visual Studio 2010
Project("{FAE04EC0-301F-11D3-BF4B-00C04F79EFBC}") = "Swashbuckle.Core", "Swashbuckle.Core.csproj", "{B56F38C5-F352-4431-BB1D-E564577F0D6B}"
EndProject
Global
	GlobalSection(SolutionConfigurationPlatforms) = preSolution
		Debug|Any CPU = Debug|Any CPU
		Release|Any CPU = Release|Any CPU
	EndGlobalSection
	GlobalSection(ProjectConfigurationPlatforms) = postSolution
		{B56F38C5-F352-4431-BB1D-E564577F0D6B}.Debug|Any CPU.ActiveCfg = Debug|Any CPU
		{B56F38C5-F352-4431-BB1D-E564577F0D6B}.Debug|Any CPU.Build.0 = Debug|Any CPU
		{B56F38C5-F352-4431-BB1D-E564577F0D6B}.Release|Any CPU.ActiveCfg = Release|Any CPU
		{B56F38C5-F352-4431-BB1D-E564577F0D6B}.Release|Any CPU.Build.0 = Release|Any CPU
	EndGlobalSection
	GlobalSection(SolutionProperties) = preSolution
		HideSolutionNode = FALSE
	EndGlobalSection
EndGlobal
